
Microsoft Visual Studio Solution File, Format Version 11.00
# Visual Studio 2010
Project("{FAE04EC0-301F-11D3-BF4B-00C04F79EFBC}") = "WixPro", "Assembly-CSharp-firstpass.csproj", "{416EC1E6-6766-0CA4-E689-606E32375012}"
EndProject
Project("{FAE04EC0-301F-11D3-BF4B-00C04F79EFBC}") = "WixPro", "Assembly-CSharp.csproj", "{BF82FF0D-66FC-7F93-FDF1-897AA0593717}"
EndProject
Project("{FAE04EC0-301F-11D3-BF4B-00C04F79EFBC}") = "WixPro", "Assembly-CSharp-Editor.csproj", "{53DA3E9D-D767-52BB-5249-064E66B6CA42}"
EndProject
Global
	GlobalSection(SolutionConfigurationPlatforms) = preSolution
		Debug|Any CPU = Debug|Any CPU
		Release|Any CPU = Release|Any CPU
	EndGlobalSection
	GlobalSection(ProjectConfigurationPlatforms) = postSolution
		{416EC1E6-6766-0CA4-E689-606E32375012}.Debug|Any CPU.ActiveCfg = Debug|Any CPU
		{416EC1E6-6766-0CA4-E689-606E32375012}.Debug|Any CPU.Build.0 = Debug|Any CPU
		{416EC1E6-6766-0CA4-E689-606E32375012}.Release|Any CPU.ActiveCfg = Release|Any CPU
		{416EC1E6-6766-0CA4-E689-606E32375012}.Release|Any CPU.Build.0 = Release|Any CPU
		{BF82FF0D-66FC-7F93-FDF1-897AA0593717}.Debug|Any CPU.ActiveCfg = Debug|Any CPU
		{BF82FF0D-66FC-7F93-FDF1-897AA0593717}.Debug|Any CPU.Build.0 = Debug|Any CPU
		{BF82FF0D-66FC-7F93-FDF1-897AA0593717}.Release|Any CPU.ActiveCfg = Release|Any CPU
		{BF82FF0D-66FC-7F93-FDF1-897AA0593717}.Release|Any CPU.Build.0 = Release|Any CPU
		{53DA3E9D-D767-52BB-5249-064E66B6CA42}.Debug|Any CPU.ActiveCfg = Debug|Any CPU
		{53DA3E9D-D767-52BB-5249-064E66B6CA42}.Debug|Any CPU.Build.0 = Debug|Any CPU
		{53DA3E9D-D767-52BB-5249-064E66B6CA42}.Release|Any CPU.ActiveCfg = Release|Any CPU
		{53DA3E9D-D767-52BB-5249-064E66B6CA42}.Release|Any CPU.Build.0 = Release|Any CPU
	EndGlobalSection
	GlobalSection(SolutionProperties) = preSolution
		HideSolutionNode = FALSE
	EndGlobalSection
	GlobalSection(MonoDevelopProperties) = preSolution
		StartupItem = Assembly-CSharp.csproj
	EndGlobalSection
EndGlobal
