
Microsoft Visual Studio Solution File, Format Version 12.00
# Visual Studio 14
VisualStudioVersion = 14.0.24720.0
MinimumVisualStudioVersion = 10.0.40219.1
Project("{FAE04EC0-301F-11D3-BF4B-00C04F79EFBC}") = "Wix Studio", "Wix Studio\Wix Studio.csproj", "{AA9F58C4-03BF-4183-B338-F5D1D9C9CE82}"
EndProject
Global
	GlobalSection(SolutionConfigurationPlatforms) = preSolution
		Debug|Any CPU = Debug|Any CPU
		Release|Any CPU = Release|Any CPU
	EndGlobalSection
	GlobalSection(ProjectConfigurationPlatforms) = postSolution
		{AA9F58C4-03BF-4183-B338-F5D1D9C9CE82}.Debug|Any CPU.ActiveCfg = Debug|Any CPU
		{AA9F58C4-03BF-4183-B338-F5D1D9C9CE82}.Debug|Any CPU.Build.0 = Debug|Any CPU
		{AA9F58C4-03BF-4183-B338-F5D1D9C9CE82}.Release|Any CPU.ActiveCfg = Release|Any CPU
		{AA9F58C4-03BF-4183-B338-F5D1D9C9CE82}.Release|Any CPU.Build.0 = Release|Any CPU
	EndGlobalSection
	GlobalSection(SolutionProperties) = preSolution
		HideSolutionNode = FALSE
	EndGlobalSection
	GlobalSection(TeamFoundationVersionControl) = preSolution
		SccNumberOfProjects = 2
		SccEnterpriseProvider = {4CA58AB2-18FA-4F8D-95D4-32DDF27D184C}
		SccTeamFoundationServer = https://somethingcreativestudios.visualstudio.com/
		SccLocalPath0 = .
		SccProjectUniqueName1 = Wix\u0020Studio\\Wix\u0020Studio.csproj
		SccProjectName1 = Wix\u0020Studio
		SccLocalPath1 = Wix\u0020Studio
	EndGlobalSection
EndGlobal
